
Microsoft Visual Studio Solution File, Format Version 12.00
# Visual Studio Version 16
VisualStudioVersion = 16.0.29509.3
MinimumVisualStudioVersion = 10.0.40219.1
Project("{FAE04EC0-301F-11D3-BF4B-00C04F79EFBC}") = "auto", "auto\auto.csproj", "{11B0098B-9723-40E7-AB5D-EC82A073681C}"
EndProject
Global
	GlobalSection(SolutionConfigurationPlatforms) = preSolution
		Debug|Any CPU = Debug|Any CPU
		Release|Any CPU = Release|Any CPU
	EndGlobalSection
	GlobalSection(ProjectConfigurationPlatforms) = postSolution
		{11B0098B-9723-40E7-AB5D-EC82A073681C}.Debug|Any CPU.ActiveCfg = Debug|Any CPU
		{11B0098B-9723-40E7-AB5D-EC82A073681C}.Debug|Any CPU.Build.0 = Debug|Any CPU
		{11B0098B-9723-40E7-AB5D-EC82A073681C}.Release|Any CPU.ActiveCfg = Release|Any CPU
		{11B0098B-9723-40E7-AB5D-EC82A073681C}.Release|Any CPU.Build.0 = Release|Any CPU
	EndGlobalSection
	GlobalSection(SolutionProperties) = preSolution
		HideSolutionNode = FALSE
	EndGlobalSection
	GlobalSection(ExtensibilityGlobals) = postSolution
		SolutionGuid = {CC83714E-3146-4EC0-96AB-A854B8C5DB65}
	EndGlobalSection
EndGlobal
